PODS:
  - contacts_service (0.2.2):
    - Flutter
  - Flutter (1.0.0)
  - flutter_local_notifications (0.0.1):
    - Flutter
  - flutter_sms (1.1.0):
    - Flutter
  - FMDB (2.7.5):
    - FMDB/standard (= 2.7.5)
  - FMDB/standard (2.7.5)
  - integration_test (0.0.1):
    - Flutter
  - MTBBarcodeScanner (5.0.11)
  - package_info_plus (0.4.5):
    - Flutter
  - pedometer (0.0.1):
    - Flutter
  - "permission_handler (5.1.0+2)":
    - Flutter
  - printing (1.0.0):
    - Flutter
  - qr_code_scanner (0.2.0):
    - Flutter
    - MTBBarcodeScanner
  - Sentry (7.1.3):
    - Sentry/Core (= 7.1.3)
  - Sentry/Core (7.1.3)
  - sentry_flutter (0.0.1):
    - Flutter
    - FlutterMacOS
    - Sentry (~> 7.1.3)
  - share (0.0.1):
    - Flutter
  - shared_preferences (0.0.1):
    - Flutter
  - sqflite (0.0.2):
    - Flutter
    - FMDB (>= 2.7.5)
  - uni_links (0.0.1):
    - Flutter
  - url_launcher (0.0.1):
    - Flutter

DEPENDENCIES:
  - contacts_service (from `.symlinks/plugins/contacts_service/ios`)
  - Flutter (from `Flutter`)
  - flutter_local_notifications (from `.symlinks/plugins/flutter_local_notifications/ios`)
  - flutter_sms (from `.symlinks/plugins/flutter_sms/ios`)
  - integration_test (from `.symlinks/plugins/integration_test/ios`)
  - package_info_plus (from `.symlinks/plugins/package_info_plus/ios`)
  - pedometer (from `.symlinks/plugins/pedometer/ios`)
  - permission_handler (from `.symlinks/plugins/permission_handler/ios`)
  - printing (from `.symlinks/plugins/printing/ios`)
  - qr_code_scanner (from `.symlinks/plugins/qr_code_scanner/ios`)
  - sentry_flutter (from `.symlinks/plugins/sentry_flutter/ios`)
  - share (from `.symlinks/plugins/share/ios`)
  - shared_preferences (from `.symlinks/plugins/shared_preferences/ios`)
  - sqflite (from `.symlinks/plugins/sqflite/ios`)
  - uni_links (from `.symlinks/plugins/uni_links/ios`)
  - url_launcher (from `.symlinks/plugins/url_launcher/ios`)

SPEC REPOS:
  trunk:
    - FMDB
    - MTBBarcodeScanner
    - Sentry

EXTERNAL SOURCES:
  contacts_service:
    :path: ".symlinks/plugins/contacts_service/ios"
  Flutter:
    :path: Flutter
  flutter_local_notifications:
    :path: ".symlinks/plugins/flutter_local_notifications/ios"
  flutter_sms:
    :path: ".symlinks/plugins/flutter_sms/ios"
  integration_test:
    :path: ".symlinks/plugins/integration_test/ios"
  package_info_plus:
    :path: ".symlinks/plugins/package_info_plus/ios"
  pedometer:
    :path: ".symlinks/plugins/pedometer/ios"
  permission_handler:
    :path: ".symlinks/plugins/permission_handler/ios"
  printing:
    :path: ".symlinks/plugins/printing/ios"
  qr_code_scanner:
    :path: ".symlinks/plugins/qr_code_scanner/ios"
  sentry_flutter:
    :path: ".symlinks/plugins/sentry_flutter/ios"
  share:
    :path: ".symlinks/plugins/share/ios"
  shared_preferences:
    :path: ".symlinks/plugins/shared_preferences/ios"
  sqflite:
    :path: ".symlinks/plugins/sqflite/ios"
  uni_links:
    :path: ".symlinks/plugins/uni_links/ios"
  url_launcher:
    :path: ".symlinks/plugins/url_launcher/ios"

SPEC CHECKSUMS:
  contacts_service: 849e1f84281804c8bfbec1b4c3eedcb23c5d3eca
  Flutter: 434fef37c0980e73bb6479ef766c45957d4b510c
  flutter_local_notifications: 0c0b1ae97e741e1521e4c1629a459d04b9aec743
  flutter_sms: 91ce41530f55c85d6524d82307a5d555844c086a
  FMDB: 2ce00b547f966261cd18927a3ddb07cb6f3db82a
  integration_test: 5ed24a436eb7ec17b6a13046e9bf7ca4a404e59e
  MTBBarcodeScanner: f453b33c4b7dfe545d8c6484ed744d55671788cb
  package_info_plus: 6c92f08e1f853dc01228d6f553146438dafcd14e
  pedometer: 381969883680ade42559782cc41a3bbd453d8234
  permission_handler: ccb20a9fad0ee9b1314a52b70b76b473c5f8dab0
  printing: eafa00acb682c0ca029d4d98d0798f55a1e27102
  qr_code_scanner: bb67d64904c3b9658ada8c402e8b4d406d5d796e
  Sentry: 6d963d64804dd06d96e778be729613f481394312
  sentry_flutter: f20d4f199442900fbdab2b8496f1d2091d8b94d9
  share: 0b2c3e82132f5888bccca3351c504d0003b3b410
  shared_preferences: af6bfa751691cdc24be3045c43ec037377ada40d
  sqflite: 6d358c025f5b867b29ed92fc697fd34924e11904
  uni_links: d97da20c7701486ba192624d99bffaaffcfc298a
  url_launcher: 6fef411d543ceb26efce54b05a0a40bfd74cbbef

PODFILE CHECKSUM: aafe91acc616949ddb318b77800a7f51bffa2a4c

COCOAPODS: 1.10.1
